PODS:
  - Flutter (1.0.0)
  - fluttertoast (0.0.2):
    - Flutter
  - image_picker_ios (0.0.1):
    - Flutter
  - mapbox_maps_flutter (2.23.1):
    - Flutter
    - MapboxMaps (= 11.23.1)
    - Turf (= 4.0.0)
  - MapboxCommon (24.23.1):
    - Turf (= 4.0.0)
  - MapboxCoreMaps (11.23.1):
    - MapboxCommon (= 24.23.1)
  - MapboxMaps (11.23.1):
    - MapboxCommon (= 24.23.1)
    - MapboxCoreMaps (= 11.23.1)
    - Turf (= 4.0.0)
  - shared_preferences_foundation (0.0.1):
    - Flutter
    - FlutterMacOS
  - Turf (4.0.0)

DEPENDENCIES:
  - Flutter (from `Flutter`)
  - fluttertoast (from `.symlinks/plugins/fluttertoast/ios`)
  - image_picker_ios (from `.symlinks/plugins/image_picker_ios/ios`)
  - mapbox_maps_flutter (from `.symlinks/plugins/mapbox_maps_flutter/ios`)
  - shared_preferences_foundation (from `.symlinks/plugins/shared_preferences_foundation/darwin`)

SPEC REPOS:
  trunk:
    - MapboxCommon
    - MapboxCoreMaps
    - MapboxMaps
    - Turf

EXTERNAL SOURCES:
  Flutter:
    :path: Flutter
  fluttertoast:
    :path: ".symlinks/plugins/fluttertoast/ios"
  image_picker_ios:
    :path: ".symlinks/plugins/image_picker_ios/ios"
  mapbox_maps_flutter:
    :path: ".symlinks/plugins/mapbox_maps_flutter/ios"
  shared_preferences_foundation:
    :path: ".symlinks/plugins/shared_preferences_foundation/darwin"

SPEC CHECKSUMS:
  Flutter: cabc95a1d2626b1b06e7179b784ebcf0c0cde467
  fluttertoast: 2c67e14dce98bbdb200df9e1acf610d7a6264ea1
  image_picker_ios: e0ece4aa2a75771a7de3fa735d26d90817041326
  mapbox_maps_flutter: c7e1808052039ddcdce452db8c93a776395bb7d5
  MapboxCommon: d006256c4643860a7b3046af45d1671569b6c5ac
  MapboxCoreMaps: de1a4461d0ab5d65d907f06e8d82fdbe06bb3213
  MapboxMaps: 22340ae0e0d47b2e4761019b1d6c569ab04e088d
  shared_preferences_foundation: 7036424c3d8ec98dfe75ff1667cb0cd531ec82bb
  Turf: c9eb11a65d96af58cac523460fd40fec5061b081

PODFILE CHECKSUM: 6c01055ff966e40e8862373e66668a0fbf0b7ba8

COCOAPODS: 1.16.2
